
Microsoft Visual Studio Solution File, Format Version 12.00
# Visual Studio 2012
Project("{FAE04EC0-301F-11D3-BF4B-00C04F79EFBC}") = "MoMoChatClient", "Project1\MoMoChatClient.csproj", "{ECDA2C74-AC27-4D03-88F6-AB239BF74C11}"
EndProject
Global
	GlobalSection(SolutionConfigurationPlatforms) = preSolution
		Debug|Any CPU = Debug|Any CPU
		Release|Any CPU = Release|Any CPU
	EndGlobalSection
	GlobalSection(ProjectConfigurationPlatforms) = postSolution
		{ECDA2C74-AC27-4D03-88F6-AB239BF74C11}.Debug|Any CPU.ActiveCfg = Debug|Any CPU
		{ECDA2C74-AC27-4D03-88F6-AB239BF74C11}.Debug|Any CPU.Build.0 = Debug|Any CPU
		{ECDA2C74-AC27-4D03-88F6-AB239BF74C11}.Release|Any CPU.ActiveCfg = Release|Any CPU
		{ECDA2C74-AC27-4D03-88F6-AB239BF74C11}.Release|Any CPU.Build.0 = Release|Any CPU
	EndGlobalSection
	GlobalSection(SolutionProperties) = preSolution
		HideSolutionNode = FALSE
	EndGlobalSection
EndGlobal
