
Microsoft Visual Studio Solution File, Format Version 12.00
# Visual Studio 2012
Project("{FAE04EC0-301F-11D3-BF4B-00C04F79EFBC}") = "ChatLib", "MoMoChat\ChatLib.csproj", "{7BCB3461-F229-403B-A5C1-9A4584A14E72}"
EndProject
Project("{FAE04EC0-301F-11D3-BF4B-00C04F79EFBC}") = "ChatHost", "ChatHost\ChatHost.csproj", "{77DA83C7-D4DD-4AE6-B3D7-76A0F707FDDB}"
EndProject
Global
	GlobalSection(SolutionConfigurationPlatforms) = preSolution
		Debug|Any CPU = Debug|Any CPU
		Release|Any CPU = Release|Any CPU
	EndGlobalSection
	GlobalSection(ProjectConfigurationPlatforms) = postSolution
		{7BCB3461-F229-403B-A5C1-9A4584A14E72}.Debug|Any CPU.ActiveCfg = Debug|Any CPU
		{7BCB3461-F229-403B-A5C1-9A4584A14E72}.Debug|Any CPU.Build.0 = Debug|Any CPU
		{7BCB3461-F229-403B-A5C1-9A4584A14E72}.Release|Any CPU.ActiveCfg = Release|Any CPU
		{7BCB3461-F229-403B-A5C1-9A4584A14E72}.Release|Any CPU.Build.0 = Release|Any CPU
		{77DA83C7-D4DD-4AE6-B3D7-76A0F707FDDB}.Debug|Any CPU.ActiveCfg = Debug|Any CPU
		{77DA83C7-D4DD-4AE6-B3D7-76A0F707FDDB}.Debug|Any CPU.Build.0 = Debug|Any CPU
		{77DA83C7-D4DD-4AE6-B3D7-76A0F707FDDB}.Release|Any CPU.ActiveCfg = Release|Any CPU
		{77DA83C7-D4DD-4AE6-B3D7-76A0F707FDDB}.Release|Any CPU.Build.0 = Release|Any CPU
	EndGlobalSection
	GlobalSection(SolutionProperties) = preSolution
		HideSolutionNode = FALSE
	EndGlobalSection
EndGlobal
